Microsoft Visual Studio Solution File, Format Version 11.00
# Visual Studio 2008

Project("{E4984521-D26F-C5C0-E485-6EE6A2CAAF29}") = "KART2", "Assembly-CSharp-vs.csproj", "{C331441C-F799-BE1D-ED40-E6924D395D40}"
EndProject
Project("{E4984521-D26F-C5C0-E485-6EE6A2CAAF29}") = "KART2", "Assembly-CSharp-Editor-vs.csproj", "{542CE980-9B10-EDBC-F26B-8F3559345CB1}"
EndProject
Global
	GlobalSection(SolutionConfigurationPlatforms) = preSolution
		Debug|Any CPU = Debug|Any CPU
		Release|Any CPU = Release|Any CPU
	EndGlobalSection
	GlobalSection(ProjectConfigurationPlatforms) = postSolution
		{C331441C-F799-BE1D-ED40-E6924D395D40}.Debug|Any CPU.ActiveCfg = Debug|Any CPU
		{C331441C-F799-BE1D-ED40-E6924D395D40}.Debug|Any CPU.Build.0 = Debug|Any CPU
		{C331441C-F799-BE1D-ED40-E6924D395D40}.Release|Any CPU.ActiveCfg = Release|Any CPU
		{C331441C-F799-BE1D-ED40-E6924D395D40}.Release|Any CPU.Build.0 = Release|Any CPU
		{542CE980-9B10-EDBC-F26B-8F3559345CB1}.Debug|Any CPU.ActiveCfg = Debug|Any CPU
		{542CE980-9B10-EDBC-F26B-8F3559345CB1}.Debug|Any CPU.Build.0 = Debug|Any CPU
		{542CE980-9B10-EDBC-F26B-8F3559345CB1}.Release|Any CPU.ActiveCfg = Release|Any CPU
		{542CE980-9B10-EDBC-F26B-8F3559345CB1}.Release|Any CPU.Build.0 = Release|Any CPU
	EndGlobalSection
	GlobalSection(SolutionProperties) = preSolution
		HideSolutionNode = FALSE
	EndGlobalSection
																					GlobalSection(MonoDevelopProperties) = preSolution
		StartupItem = Assembly-CSharp.csproj
		Policies = $0
		$0.TextStylePolicy = $1
		$1.inheritsSet = null
		$1.scope = text/x-csharp
		$0.CSharpFormattingPolicy = $2
		$2.inheritsSet = Mono
		$2.inheritsScope = text/x-csharp
		$2.scope = text/x-csharp
		$0.TextStylePolicy = $3
		$3.FileWidth = 120
		$3.TabWidth = 4
		$3.IndentWidth = 4
		$3.EolMarker = Unix
		$3.inheritsSet = Mono
		$3.inheritsScope = text/plain
		$3.scope = text/plain
	EndGlobalSection

EndGlobal
